
Microsoft Visual Studio Solution File, Format Version 12.00
# Visual Studio Version 17
VisualStudioVersion = 17.7.34031.279
MinimumVisualStudioVersion = 10.0.40219.1
Project("{FAE04EC0-301F-11D3-BF4B-00C04F79EFBC}") = "GoogleCalendarTestApp", "GoogleCalendarTestApp.csproj", "{46B3159D-E746-403B-96E5-8230991228EB}"
EndProject
Global
	GlobalSection(SolutionConfigurationPlatforms) = preSolution
		Debug|Any CPU = Debug|Any CPU
		Release|Any CPU = Release|Any CPU
	EndGlobalSection
	GlobalSection(ProjectConfigurationPlatforms) = postSolution
		{46B3159D-E746-403B-96E5-8230991228EB}.Debug|Any CPU.ActiveCfg = Debug|Any CPU
		{46B3159D-E746-403B-96E5-8230991228EB}.Debug|Any CPU.Build.0 = Debug|Any CPU
		{46B3159D-E746-403B-96E5-8230991228EB}.Release|Any CPU.ActiveCfg = Release|Any CPU
		{46B3159D-E746-403B-96E5-8230991228EB}.Release|Any CPU.Build.0 = Release|Any CPU
	EndGlobalSection
	GlobalSection(SolutionProperties) = preSolution
		HideSolutionNode = FALSE
	EndGlobalSection
	GlobalSection(ExtensibilityGlobals) = postSolution
		SolutionGuid = {5CC037A7-BE66-4B78-B2DC-B590BCCC45B1}
	EndGlobalSection
EndGlobal
